
Microsoft Visual Studio Solution File, Format Version 12.00
Project("{FAE04EC0-301F-11D3-BF4B-00C04F79EFBC}") = "Meet2304", "Meet2304\Meet2304.csproj", "{206B19D3-4DCE-413A-9292-315288328689}"
EndProject
Global
	GlobalSection(SolutionConfigurationPlatforms) = preSolution
		Debug|Any CPU = Debug|Any CPU
		Release|Any CPU = Release|Any CPU
	EndGlobalSection
	GlobalSection(ProjectConfigurationPlatforms) = postSolution
		{206B19D3-4DCE-413A-9292-315288328689}.Debug|Any CPU.ActiveCfg = Debug|Any CPU
		{206B19D3-4DCE-413A-9292-315288328689}.Debug|Any CPU.Build.0 = Debug|Any CPU
		{206B19D3-4DCE-413A-9292-315288328689}.Release|Any CPU.ActiveCfg = Release|Any CPU
		{206B19D3-4DCE-413A-9292-315288328689}.Release|Any CPU.Build.0 = Release|Any CPU
	EndGlobalSection
EndGlobal
